Microsoft Visual Studio Solution File, Format Version 12.00
# Visual Studio 2012
Project("{FAE04EC0-301F-11D3-BF4B-00C04F79EFBC}") = "MoPlus.SolutionBuilder.WpfClient_2012", "MoPlus.SolutionBuilder.WpfClient\MoPlus.SolutionBuilder.WpfClient_2012.csproj", "{571978FA-999A-41C7-B590-27EBEDD70F99}"
EndProject
Project("{FAE04EC0-301F-11D3-BF4B-00C04F79EFBC}") = "MoPlus.ViewModel_2012", "MoPlus.ViewModel\MoPlus.ViewModel_2012.csproj", "{1A6C3352-9781-4722-B6C8-DEC5DB0FAF53}"
EndProject
Project("{FAE04EC0-301F-11D3-BF4B-00C04F79EFBC}") = "MoPlus.Interpreter_2012", "MoPlus.Interpreter\MoPlus.Interpreter_2012.csproj", "{E936645D-A430-499E-89CA-9D034D75B775}"
EndProject
Project("{FAE04EC0-301F-11D3-BF4B-00C04F79EFBC}") = "MoPlus.Common_2012", "Library\MoPlus.Common\MoPlus.Common_2012.csproj", "{CD7B9562-7F6B-4C45-97F9-FDE6AE8628B0}"
EndProject
Project("{FAE04EC0-301F-11D3-BF4B-00C04F79EFBC}") = "MoPlus.IO_2012", "Library\MoPlus.IO\MoPlus.IO_2012.csproj", "{EC8B0D66-9DA3-4014-9FB6-821A9D9FB0BA}"
EndProject
Project("{FAE04EC0-301F-11D3-BF4B-00C04F79EFBC}") = "MoPlus.Data_2012", "Library\MoPlus.Data\MoPlus.Data_2012.csproj", "{E8B22DE1-96A9-4F7B-BE8B-FC2EC3A4A7BA}"
EndProject
Project("{FAE04EC0-301F-11D3-BF4B-00C04F79EFBC}") = "MoPlus.Net_2012", "Library\MoPlus.Net\MoPlus.Net_2012.csproj", "{63BF2E2B-52AE-4156-A859-96C09F73775C}"
EndProject
Project("{FAE04EC0-301F-11D3-BF4B-00C04F79EFBC}") = "MoPlus.SolutionUpdater.CommandUI_2012", "MoPlus.SolutionUpdater.CommandUI\MoPlus.SolutionUpdater.CommandUI_2012.csproj", "{B7E936CB-1FD4-4A32-8DA4-BB897EDC9E61}"
EndProject
Project("{FAE04EC0-301F-11D3-BF4B-00C04F79EFBC}") = "MoPlus.SolutionBuilder.VSPackage_2012", "MoPlus.SolutionBuilder.VSPackage\MoPlus.SolutionBuilder.VSPackage_2012.csproj", "{0EAD40F3-F1E3-4ABF-93DC-D2DCDE78E29E}"
EndProject
Project("{FAE04EC0-301F-11D3-BF4B-00C04F79EFBC}") = "MoPlus.SolutionBuilder.WpfUI_2012", "MoPlus.SolutionBuilder.WpfUI\MoPlus.SolutionBuilder.WpfUI_2012.csproj", "{6CE470F9-CCC0-44A6-9700-A2A3C7A35A00}"
EndProject
Project("{2150E333-8FDC-42A3-9474-1A3956D46DE8}") = "Solution Items", "Solution Items", "{053CED0C-F602-43FA-A069-DF880974213B}"
	ProjectSection(SolutionItems) = preProject
		IntegrationTests.testsettings = IntegrationTests.testsettings
		UnitTests.testsettings = UnitTests.testsettings
	EndProjectSection
EndProject
Global
	GlobalSection(SolutionConfigurationPlatforms) = preSolution
		CD_ROM|Any CPU = CD_ROM|Any CPU
		CD_ROM|Mixed Platforms = CD_ROM|Mixed Platforms
		CD_ROM|x64 = CD_ROM|x64
		CD_ROM|x86 = CD_ROM|x86
		Debug|Any CPU = Debug|Any CPU
		Debug|Mixed Platforms = Debug|Mixed Platforms
		Debug|x64 = Debug|x64
		Debug|x86 = Debug|x86
		DVD-5|Any CPU = DVD-5|Any CPU
		DVD-5|Mixed Platforms = DVD-5|Mixed Platforms
		DVD-5|x64 = DVD-5|x64
		DVD-5|x86 = DVD-5|x86
		Release|Any CPU = Release|Any CPU
		Release|Mixed Platforms = Release|Mixed Platforms
		Release|x64 = Release|x64
		Release|x86 = Release|x86
		SingleImage|Any CPU = SingleImage|Any CPU
		SingleImage|Mixed Platforms = SingleImage|Mixed Platforms
		SingleImage|x64 = SingleImage|x64
		SingleImage|x86 = SingleImage|x86
	EndGlobalSection
	GlobalSection(ProjectConfigurationPlatforms) = postSolution
		{571978FA-999A-41C7-B590-27EBEDD70F99}.CD_ROM|Any CPU.ActiveCfg = Release|Any CPU
		{571978FA-999A-41C7-B590-27EBEDD70F99}.CD_ROM|Any CPU.Build.0 = Release|Any CPU
		{571978FA-999A-41C7-B590-27EBEDD70F99}.CD_ROM|Mixed Platforms.ActiveCfg = Release|x86
		{571978FA-999A-41C7-B590-27EBEDD70F99}.CD_ROM|Mixed Platforms.Build.0 = Release|x86
		{571978FA-999A-41C7-B590-27EBEDD70F99}.CD_ROM|x64.ActiveCfg = Release|Any CPU
		{571978FA-999A-41C7-B590-27EBEDD70F99}.CD_ROM|x86.ActiveCfg = Release|x86
		{571978FA-999A-41C7-B590-27EBEDD70F99}.CD_ROM|x86.Build.0 = Release|x86
		{571978FA-999A-41C7-B590-27EBEDD70F99}.Debug|Any CPU.ActiveCfg = Debug|Any CPU
		{571978FA-999A-41C7-B590-27EBEDD70F99}.Debug|Any CPU.Build.0 = Debug|Any CPU
		{571978FA-999A-41C7-B590-27EBEDD70F99}.Debug|Mixed Platforms.ActiveCfg = Debug|x86
		{571978FA-999A-41C7-B590-27EBEDD70F99}.Debug|Mixed Platforms.Build.0 = Debug|x86
		{571978FA-999A-41C7-B590-27EBEDD70F99}.Debug|x64.ActiveCfg = Debug|Any CPU
		{571978FA-999A-41C7-B590-27EBEDD70F99}.Debug|x64.Build.0 = Debug|Any CPU
		{571978FA-999A-41C7-B590-27EBEDD70F99}.Debug|x86.ActiveCfg = Debug|x86
		{571978FA-999A-41C7-B590-27EBEDD70F99}.Debug|x86.Build.0 = Debug|x86
		{571978FA-999A-41C7-B590-27EBEDD70F99}.DVD-5|Any CPU.ActiveCfg = Debug|Any CPU
		{571978FA-999A-41C7-B590-27EBEDD70F99}.DVD-5|Any CPU.Build.0 = Debug|Any CPU
		{571978FA-999A-41C7-B590-27EBEDD70F99}.DVD-5|Mixed Platforms.ActiveCfg = Debug|x86
		{571978FA-999A-41C7-B590-27EBEDD70F99}.DVD-5|Mixed Platforms.Build.0 = Debug|x86
		{571978FA-999A-41C7-B590-27EBEDD70F99}.DVD-5|x64.ActiveCfg = Debug|Any CPU
		{571978FA-999A-41C7-B590-27EBEDD70F99}.DVD-5|x86.ActiveCfg = Debug|x86
		{571978FA-999A-41C7-B590-27EBEDD70F99}.DVD-5|x86.Build.0 = Debug|x86
		{571978FA-999A-41C7-B590-27EBEDD70F99}.Release|Any CPU.ActiveCfg = Release|Any CPU
		{571978FA-999A-41C7-B590-27EBEDD70F99}.Release|Any CPU.Build.0 = Release|Any CPU
		{571978FA-999A-41C7-B590-27EBEDD70F99}.Release|Mixed Platforms.ActiveCfg = Release|x86
		{571978FA-999A-41C7-B590-27EBEDD70F99}.Release|Mixed Platforms.Build.0 = Release|x86
		{571978FA-999A-41C7-B590-27EBEDD70F99}.Release|x64.ActiveCfg = Release|Any CPU
		{571978FA-999A-41C7-B590-27EBEDD70F99}.Release|x86.ActiveCfg = Release|x86
		{571978FA-999A-41C7-B590-27EBEDD70F99}.Release|x86.Build.0 = Release|x86
		{571978FA-999A-41C7-B590-27EBEDD70F99}.SingleImage|Any CPU.ActiveCfg = Release|Any CPU
		{571978FA-999A-41C7-B590-27EBEDD70F99}.SingleImage|Any CPU.Build.0 = Release|Any CPU
		{571978FA-999A-41C7-B590-27EBEDD70F99}.SingleImage|Mixed Platforms.ActiveCfg = Release|x86
		{571978FA-999A-41C7-B590-27EBEDD70F99}.SingleImage|Mixed Platforms.Build.0 = Release|x86
		{571978FA-999A-41C7-B590-27EBEDD70F99}.SingleImage|x64.ActiveCfg = Release|Any CPU
		{571978FA-999A-41C7-B590-27EBEDD70F99}.SingleImage|x86.ActiveCfg = Release|x86
		{571978FA-999A-41C7-B590-27EBEDD70F99}.SingleImage|x86.Build.0 = Release|x86
		{1A6C3352-9781-4722-B6C8-DEC5DB0FAF53}.CD_ROM|Any CPU.ActiveCfg = Release|Any CPU
		{1A6C3352-9781-4722-B6C8-DEC5DB0FAF53}.CD_ROM|Any CPU.Build.0 = Release|Any CPU
		{1A6C3352-9781-4722-B6C8-DEC5DB0FAF53}.CD_ROM|Mixed Platforms.ActiveCfg = Release|x86
		{1A6C3352-9781-4722-B6C8-DEC5DB0FAF53}.CD_ROM|Mixed Platforms.Build.0 = Release|x86
		{1A6C3352-9781-4722-B6C8-DEC5DB0FAF53}.CD_ROM|x64.ActiveCfg = Release|Any CPU
		{1A6C3352-9781-4722-B6C8-DEC5DB0FAF53}.CD_ROM|x86.ActiveCfg = Release|x86
		{1A6C3352-9781-4722-B6C8-DEC5DB0FAF53}.CD_ROM|x86.Build.0 = Release|x86
		{1A6C3352-9781-4722-B6C8-DEC5DB0FAF53}.Debug|Any CPU.ActiveCfg = Debug|Any CPU
		{1A6C3352-9781-4722-B6C8-DEC5DB0FAF53}.Debug|Any CPU.Build.0 = Debug|Any CPU
		{1A6C3352-9781-4722-B6C8-DEC5DB0FAF53}.Debug|Mixed Platforms.ActiveCfg = Debug|x86
		{1A6C3352-9781-4722-B6C8-DEC5DB0FAF53}.Debug|Mixed Platforms.Build.0 = Debug|x86
		{1A6C3352-9781-4722-B6C8-DEC5DB0FAF53}.Debug|x64.ActiveCfg = Debug|x86
		{1A6C3352-9781-4722-B6C8-DEC5DB0FAF53}.Debug|x64.Build.0 = Debug|x86
		{1A6C3352-9781-4722-B6C8-DEC5DB0FAF53}.Debug|x86.ActiveCfg = Debug|x86
		{1A6C3352-9781-4722-B6C8-DEC5DB0FAF53}.Debug|x86.Build.0 = Debug|x86
		{1A6C3352-9781-4722-B6C8-DEC5DB0FAF53}.DVD-5|Any CPU.ActiveCfg = Debug|Any CPU
		{1A6C3352-9781-4722-B6C8-DEC5DB0FAF53}.DVD-5|Any CPU.Build.0 = Debug|Any CPU
		{1A6C3352-9781-4722-B6C8-DEC5DB0FAF53}.DVD-5|Mixed Platforms.ActiveCfg = Debug|x86
		{1A6C3352-9781-4722-B6C8-DEC5DB0FAF53}.DVD-5|Mixed Platforms.Build.0 = Debug|x86
		{1A6C3352-9781-4722-B6C8-DEC5DB0FAF53}.DVD-5|x64.ActiveCfg = Debug|Any CPU
		{1A6C3352-9781-4722-B6C8-DEC5DB0FAF53}.DVD-5|x86.ActiveCfg = Debug|x86
		{1A6C3352-9781-4722-B6C8-DEC5DB0FAF53}.DVD-5|x86.Build.0 = Debug|x86
		{1A6C3352-9781-4722-B6C8-DEC5DB0FAF53}.Release|Any CPU.ActiveCfg = Release|Any CPU
		{1A6C3352-9781-4722-B6C8-DEC5DB0FAF53}.Release|Any CPU.Build.0 = Release|Any CPU
		{1A6C3352-9781-4722-B6C8-DEC5DB0FAF53}.Release|Mixed Platforms.ActiveCfg = Release|x86
		{1A6C3352-9781-4722-B6C8-DEC5DB0FAF53}.Release|Mixed Platforms.Build.0 = Release|x86
		{1A6C3352-9781-4722-B6C8-DEC5DB0FAF53}.Release|x64.ActiveCfg = Release|Any CPU
		{1A6C3352-9781-4722-B6C8-DEC5DB0FAF53}.Release|x64.Build.0 = Release|Any CPU
		{1A6C3352-9781-4722-B6C8-DEC5DB0FAF53}.Release|x86.ActiveCfg = Release|x86
		{1A6C3352-9781-4722-B6C8-DEC5DB0FAF53}.Release|x86.Build.0 = Release|x86
		{1A6C3352-9781-4722-B6C8-DEC5DB0FAF53}.SingleImage|Any CPU.ActiveCfg = Release|Any CPU
		{1A6C3352-9781-4722-B6C8-DEC5DB0FAF53}.SingleImage|Any CPU.Build.0 = Release|Any CPU
		{1A6C3352-9781-4722-B6C8-DEC5DB0FAF53}.SingleImage|Mixed Platforms.ActiveCfg = Release|x86
		{1A6C3352-9781-4722-B6C8-DEC5DB0FAF53}.SingleImage|Mixed Platforms.Build.0 = Release|x86
		{1A6C3352-9781-4722-B6C8-DEC5DB0FAF53}.SingleImage|x64.ActiveCfg = Release|Any CPU
		{1A6C3352-9781-4722-B6C8-DEC5DB0FAF53}.SingleImage|x86.ActiveCfg = Release|x86
		{1A6C3352-9781-4722-B6C8-DEC5DB0FAF53}.SingleImage|x86.Build.0 = Release|x86
		{E936645D-A430-499E-89CA-9D034D75B775}.CD_ROM|Any CPU.ActiveCfg = Release|Any CPU
		{E936645D-A430-499E-89CA-9D034D75B775}.CD_ROM|Any CPU.Build.0 = Release|Any CPU
		{E936645D-A430-499E-89CA-9D034D75B775}.CD_ROM|Mixed Platforms.ActiveCfg = Release|x86
		{E936645D-A430-499E-89CA-9D034D75B775}.CD_ROM|Mixed Platforms.Build.0 = Release|x86
		{E936645D-A430-499E-89CA-9D034D75B775}.CD_ROM|x64.ActiveCfg = Release|Any CPU
		{E936645D-A430-499E-89CA-9D034D75B775}.CD_ROM|x86.ActiveCfg = Release|x86
		{E936645D-A430-499E-89CA-9D034D75B775}.CD_ROM|x86.Build.0 = Release|x86
		{E936645D-A430-499E-89CA-9D034D75B775}.Debug|Any CPU.ActiveCfg = Debug|Any CPU
		{E936645D-A430-499E-89CA-9D034D75B775}.Debug|Any CPU.Build.0 = Debug|Any CPU
		{E936645D-A430-499E-89CA-9D034D75B775}.Debug|Mixed Platforms.ActiveCfg = Debug|x86
		{E936645D-A430-499E-89CA-9D034D75B775}.Debug|Mixed Platforms.Build.0 = Debug|x86
		{E936645D-A430-499E-89CA-9D034D75B775}.Debug|x64.ActiveCfg = Debug|x86
		{E936645D-A430-499E-89CA-9D034D75B775}.Debug|x64.Build.0 = Debug|x86
		{E936645D-A430-499E-89CA-9D034D75B775}.Debug|x86.ActiveCfg = Debug|x86
		{E936645D-A430-499E-89CA-9D034D75B775}.Debug|x86.Build.0 = Debug|x86
		{E936645D-A430-499E-89CA-9D034D75B775}.DVD-5|Any CPU.ActiveCfg = Debug|Any CPU
		{E936645D-A430-499E-89CA-9D034D75B775}.DVD-5|Any CPU.Build.0 = Debug|Any CPU
		{E936645D-A430-499E-89CA-9D034D75B775}.DVD-5|Mixed Platforms.ActiveCfg = Debug|x86
		{E936645D-A430-499E-89CA-9D034D75B775}.DVD-5|Mixed Platforms.Build.0 = Debug|x86
		{E936645D-A430-499E-89CA-9D034D75B775}.DVD-5|x64.ActiveCfg = Debug|Any CPU
		{E936645D-A430-499E-89CA-9D034D75B775}.DVD-5|x86.ActiveCfg = Debug|x86
		{E936645D-A430-499E-89CA-9D034D75B775}.DVD-5|x86.Build.0 = Debug|x86
		{E936645D-A430-499E-89CA-9D034D75B775}.Release|Any CPU.ActiveCfg = Release|Any CPU
		{E936645D-A430-499E-89CA-9D034D75B775}.Release|Any CPU.Build.0 = Release|Any CPU
		{E936645D-A430-499E-89CA-9D034D75B775}.Release|Mixed Platforms.ActiveCfg = Release|x86
		{E936645D-A430-499E-89CA-9D034D75B775}.Release|Mixed Platforms.Build.0 = Release|x86
		{E936645D-A430-499E-89CA-9D034D75B775}.Release|x64.ActiveCfg = Release|Any CPU
		{E936645D-A430-499E-89CA-9D034D75B775}.Release|x64.Build.0 = Release|Any CPU
		{E936645D-A430-499E-89CA-9D034D75B775}.Release|x86.ActiveCfg = Release|x86
		{E936645D-A430-499E-89CA-9D034D75B775}.Release|x86.Build.0 = Release|x86
		{E936645D-A430-499E-89CA-9D034D75B775}.SingleImage|Any CPU.ActiveCfg = Release|Any CPU
		{E936645D-A430-499E-89CA-9D034D75B775}.SingleImage|Any CPU.Build.0 = Release|Any CPU
		{E936645D-A430-499E-89CA-9D034D75B775}.SingleImage|Mixed Platforms.ActiveCfg = Release|x86
		{E936645D-A430-499E-89CA-9D034D75B775}.SingleImage|Mixed Platforms.Build.0 = Release|x86
		{E936645D-A430-499E-89CA-9D034D75B775}.SingleImage|x64.ActiveCfg = Release|Any CPU
		{E936645D-A430-499E-89CA-9D034D75B775}.SingleImage|x86.ActiveCfg = Release|x86
		{E936645D-A430-499E-89CA-9D034D75B775}.SingleImage|x86.Build.0 = Release|x86
		{CD7B9562-7F6B-4C45-97F9-FDE6AE8628B0}.CD_ROM|Any CPU.ActiveCfg = Debug|Any CPU
		{CD7B9562-7F6B-4C45-97F9-FDE6AE8628B0}.CD_ROM|Any CPU.Build.0 = Debug|Any CPU
		{CD7B9562-7F6B-4C45-97F9-FDE6AE8628B0}.CD_ROM|Mixed Platforms.ActiveCfg = Release|x86
		{CD7B9562-7F6B-4C45-97F9-FDE6AE8628B0}.CD_ROM|Mixed Platforms.Build.0 = Release|x86
		{CD7B9562-7F6B-4C45-97F9-FDE6AE8628B0}.CD_ROM|x64.ActiveCfg = Release|x64
		{CD7B9562-7F6B-4C45-97F9-FDE6AE8628B0}.CD_ROM|x64.Build.0 = Release|x64
		{CD7B9562-7F6B-4C45-97F9-FDE6AE8628B0}.CD_ROM|x86.ActiveCfg = Release|x86
		{CD7B9562-7F6B-4C45-97F9-FDE6AE8628B0}.CD_ROM|x86.Build.0 = Release|x86
		{CD7B9562-7F6B-4C45-97F9-FDE6AE8628B0}.Debug|Any CPU.ActiveCfg = Debug|x64
		{CD7B9562-7F6B-4C45-97F9-FDE6AE8628B0}.Debug|Any CPU.Build.0 = Debug|x64
		{CD7B9562-7F6B-4C45-97F9-FDE6AE8628B0}.Debug|Mixed Platforms.ActiveCfg = Debug|x86
		{CD7B9562-7F6B-4C45-97F9-FDE6AE8628B0}.Debug|Mixed Platforms.Build.0 = Debug|x86
		{CD7B9562-7F6B-4C45-97F9-FDE6AE8628B0}.Debug|x64.ActiveCfg = Debug|x86
		{CD7B9562-7F6B-4C45-97F9-FDE6AE8628B0}.Debug|x64.Build.0 = Debug|x86
		{CD7B9562-7F6B-4C45-97F9-FDE6AE8628B0}.Debug|x86.ActiveCfg = Debug|x86
		{CD7B9562-7F6B-4C45-97F9-FDE6AE8628B0}.Debug|x86.Build.0 = Debug|x86
		{CD7B9562-7F6B-4C45-97F9-FDE6AE8628B0}.DVD-5|Any CPU.ActiveCfg = Debug|Any CPU
		{CD7B9562-7F6B-4C45-97F9-FDE6AE8628B0}.DVD-5|Any CPU.Build.0 = Debug|Any CPU
		{CD7B9562-7F6B-4C45-97F9-FDE6AE8628B0}.DVD-5|Mixed Platforms.ActiveCfg = Debug|x86
		{CD7B9562-7F6B-4C45-97F9-FDE6AE8628B0}.DVD-5|Mixed Platforms.Build.0 = Debug|x86
		{CD7B9562-7F6B-4C45-97F9-FDE6AE8628B0}.DVD-5|x64.ActiveCfg = Debug|x64
		{CD7B9562-7F6B-4C45-97F9-FDE6AE8628B0}.DVD-5|x64.Build.0 = Debug|x64
		{CD7B9562-7F6B-4C45-97F9-FDE6AE8628B0}.DVD-5|x86.ActiveCfg = Debug|x86
		{CD7B9562-7F6B-4C45-97F9-FDE6AE8628B0}.DVD-5|x86.Build.0 = Debug|x86
		{CD7B9562-7F6B-4C45-97F9-FDE6AE8628B0}.Release|Any CPU.ActiveCfg = Release|Any CPU
		{CD7B9562-7F6B-4C45-97F9-FDE6AE8628B0}.Release|Any CPU.Build.0 = Release|Any CPU
		{CD7B9562-7F6B-4C45-97F9-FDE6AE8628B0}.Release|Mixed Platforms.ActiveCfg = Release|x86
		{CD7B9562-7F6B-4C45-97F9-FDE6AE8628B0}.Release|Mixed Platforms.Build.0 = Release|x86
		{CD7B9562-7F6B-4C45-97F9-FDE6AE8628B0}.Release|x64.ActiveCfg = Release|Any CPU
		{CD7B9562-7F6B-4C45-97F9-FDE6AE8628B0}.Release|x64.Build.0 = Release|Any CPU
		{CD7B9562-7F6B-4C45-97F9-FDE6AE8628B0}.Release|x86.ActiveCfg = Release|x86
		{CD7B9562-7F6B-4C45-97F9-FDE6AE8628B0}.Release|x86.Build.0 = Release|x86
		{CD7B9562-7F6B-4C45-97F9-FDE6AE8628B0}.SingleImage|Any CPU.ActiveCfg = Debug|Any CPU
		{CD7B9562-7F6B-4C45-97F9-FDE6AE8628B0}.SingleImage|Any CPU.Build.0 = Debug|Any CPU
		{CD7B9562-7F6B-4C45-97F9-FDE6AE8628B0}.SingleImage|Mixed Platforms.ActiveCfg = Release|x86
		{CD7B9562-7F6B-4C45-97F9-FDE6AE8628B0}.SingleImage|Mixed Platforms.Build.0 = Release|x86
		{CD7B9562-7F6B-4C45-97F9-FDE6AE8628B0}.SingleImage|x64.ActiveCfg = Release|x64
		{CD7B9562-7F6B-4C45-97F9-FDE6AE8628B0}.SingleImage|x64.Build.0 = Release|x64
		{CD7B9562-7F6B-4C45-97F9-FDE6AE8628B0}.SingleImage|x86.ActiveCfg = Release|x86
		{CD7B9562-7F6B-4C45-97F9-FDE6AE8628B0}.SingleImage|x86.Build.0 = Release|x86
		{EC8B0D66-9DA3-4014-9FB6-821A9D9FB0BA}.CD_ROM|Any CPU.ActiveCfg = Release|Any CPU
		{EC8B0D66-9DA3-4014-9FB6-821A9D9FB0BA}.CD_ROM|Any CPU.Build.0 = Release|Any CPU
		{EC8B0D66-9DA3-4014-9FB6-821A9D9FB0BA}.CD_ROM|Mixed Platforms.ActiveCfg = Release|x86
		{EC8B0D66-9DA3-4014-9FB6-821A9D9FB0BA}.CD_ROM|Mixed Platforms.Build.0 = Release|x86
		{EC8B0D66-9DA3-4014-9FB6-821A9D9FB0BA}.CD_ROM|x64.ActiveCfg = Release|x64
		{EC8B0D66-9DA3-4014-9FB6-821A9D9FB0BA}.CD_ROM|x64.Build.0 = Release|x64
		{EC8B0D66-9DA3-4014-9FB6-821A9D9FB0BA}.CD_ROM|x86.ActiveCfg = Release|x86
		{EC8B0D66-9DA3-4014-9FB6-821A9D9FB0BA}.CD_ROM|x86.Build.0 = Release|x86
		{EC8B0D66-9DA3-4014-9FB6-821A9D9FB0BA}.Debug|Any CPU.ActiveCfg = Debug|Any CPU
		{EC8B0D66-9DA3-4014-9FB6-821A9D9FB0BA}.Debug|Any CPU.Build.0 = Debug|Any CPU
		{EC8B0D66-9DA3-4014-9FB6-821A9D9FB0BA}.Debug|Mixed Platforms.ActiveCfg = Debug|x86
		{EC8B0D66-9DA3-4014-9FB6-821A9D9FB0BA}.Debug|Mixed Platforms.Build.0 = Debug|x86
		{EC8B0D66-9DA3-4014-9FB6-821A9D9FB0BA}.Debug|x64.ActiveCfg = Debug|x86
		{EC8B0D66-9DA3-4014-9FB6-821A9D9FB0BA}.Debug|x64.Build.0 = Debug|x86
		{EC8B0D66-9DA3-4014-9FB6-821A9D9FB0BA}.Debug|x86.ActiveCfg = Debug|x86
		{EC8B0D66-9DA3-4014-9FB6-821A9D9FB0BA}.Debug|x86.Build.0 = Debug|x86
		{EC8B0D66-9DA3-4014-9FB6-821A9D9FB0BA}.DVD-5|Any CPU.ActiveCfg = Debug|Any CPU
		{EC8B0D66-9DA3-4014-9FB6-821A9D9FB0BA}.DVD-5|Any CPU.Build.0 = Debug|Any CPU
		{EC8B0D66-9DA3-4014-9FB6-821A9D9FB0BA}.DVD-5|Mixed Platforms.ActiveCfg = Debug|x86
		{EC8B0D66-9DA3-4014-9FB6-821A9D9FB0BA}.DVD-5|Mixed Platforms.Build.0 = Debug|x86
		{EC8B0D66-9DA3-4014-9FB6-821A9D9FB0BA}.DVD-5|x64.ActiveCfg = Debug|x64
		{EC8B0D66-9DA3-4014-9FB6-821A9D9FB0BA}.DVD-5|x64.Build.0 = Debug|x64
		{EC8B0D66-9DA3-4014-9FB6-821A9D9FB0BA}.DVD-5|x86.ActiveCfg = Debug|x86
		{EC8B0D66-9DA3-4014-9FB6-821A9D9FB0BA}.DVD-5|x86.Build.0 = Debug|x86
		{EC8B0D66-9DA3-4014-9FB6-821A9D9FB0BA}.Release|Any CPU.ActiveCfg = Release|Any CPU
		{EC8B0D66-9DA3-4014-9FB6-821A9D9FB0BA}.Release|Any CPU.Build.0 = Release|Any CPU
		{EC8B0D66-9DA3-4014-9FB6-821A9D9FB0BA}.Release|Mixed Platforms.ActiveCfg = Release|x86
		{EC8B0D66-9DA3-4014-9FB6-821A9D9FB0BA}.Release|Mixed Platforms.Build.0 = Release|x86
		{EC8B0D66-9DA3-4014-9FB6-821A9D9FB0BA}.Release|x64.ActiveCfg = Release|Any CPU
		{EC8B0D66-9DA3-4014-9FB6-821A9D9FB0BA}.Release|x64.Build.0 = Release|Any CPU
		{EC8B0D66-9DA3-4014-9FB6-821A9D9FB0BA}.Release|x86.ActiveCfg = Release|x86
		{EC8B0D66-9DA3-4014-9FB6-821A9D9FB0BA}.Release|x86.Build.0 = Release|x86
		{EC8B0D66-9DA3-4014-9FB6-821A9D9FB0BA}.SingleImage|Any CPU.ActiveCfg = Release|Any CPU
		{EC8B0D66-9DA3-4014-9FB6-821A9D9FB0BA}.SingleImage|Any CPU.Build.0 = Release|Any CPU
		{EC8B0D66-9DA3-4014-9FB6-821A9D9FB0BA}.SingleImage|Mixed Platforms.ActiveCfg = Release|x86
		{EC8B0D66-9DA3-4014-9FB6-821A9D9FB0BA}.SingleImage|Mixed Platforms.Build.0 = Release|x86
		{EC8B0D66-9DA3-4014-9FB6-821A9D9FB0BA}.SingleImage|x64.ActiveCfg = Release|x64
		{EC8B0D66-9DA3-4014-9FB6-821A9D9FB0BA}.SingleImage|x64.Build.0 = Release|x64
		{EC8B0D66-9DA3-4014-9FB6-821A9D9FB0BA}.SingleImage|x86.ActiveCfg = Release|x86
		{EC8B0D66-9DA3-4014-9FB6-821A9D9FB0BA}.SingleImage|x86.Build.0 = Release|x86
		{E8B22DE1-96A9-4F7B-BE8B-FC2EC3A4A7BA}.CD_ROM|Any CPU.ActiveCfg = Release|Any CPU
		{E8B22DE1-96A9-4F7B-BE8B-FC2EC3A4A7BA}.CD_ROM|Any CPU.Build.0 = Release|Any CPU
		{E8B22DE1-96A9-4F7B-BE8B-FC2EC3A4A7BA}.CD_ROM|Mixed Platforms.ActiveCfg = Release|x86
		{E8B22DE1-96A9-4F7B-BE8B-FC2EC3A4A7BA}.CD_ROM|Mixed Platforms.Build.0 = Release|x86
		{E8B22DE1-96A9-4F7B-BE8B-FC2EC3A4A7BA}.CD_ROM|x64.ActiveCfg = Release|x64
		{E8B22DE1-96A9-4F7B-BE8B-FC2EC3A4A7BA}.CD_ROM|x64.Build.0 = Release|x64
		{E8B22DE1-96A9-4F7B-BE8B-FC2EC3A4A7BA}.CD_ROM|x86.ActiveCfg = Release|x86
		{E8B22DE1-96A9-4F7B-BE8B-FC2EC3A4A7BA}.CD_ROM|x86.Build.0 = Release|x86
		{E8B22DE1-96A9-4F7B-BE8B-FC2EC3A4A7BA}.Debug|Any CPU.ActiveCfg = Debug|Any CPU
		{E8B22DE1-96A9-4F7B-BE8B-FC2EC3A4A7BA}.Debug|Any CPU.Build.0 = Debug|Any CPU
		{E8B22DE1-96A9-4F7B-BE8B-FC2EC3A4A7BA}.Debug|Mixed Platforms.ActiveCfg = Debug|x86
		{E8B22DE1-96A9-4F7B-BE8B-FC2EC3A4A7BA}.Debug|Mixed Platforms.Build.0 = Debug|x86
		{E8B22DE1-96A9-4F7B-BE8B-FC2EC3A4A7BA}.Debug|x64.ActiveCfg = Debug|x86
		{E8B22DE1-96A9-4F7B-BE8B-FC2EC3A4A7BA}.Debug|x64.Build.0 = Debug|x86
		{E8B22DE1-96A9-4F7B-BE8B-FC2EC3A4A7BA}.Debug|x86.ActiveCfg = Debug|x86
		{E8B22DE1-96A9-4F7B-BE8B-FC2EC3A4A7BA}.Debug|x86.Build.0 = Debug|x86
		{E8B22DE1-96A9-4F7B-BE8B-FC2EC3A4A7BA}.DVD-5|Any CPU.ActiveCfg = Debug|Any CPU
		{E8B22DE1-96A9-4F7B-BE8B-FC2EC3A4A7BA}.DVD-5|Any CPU.Build.0 = Debug|Any CPU
		{E8B22DE1-96A9-4F7B-BE8B-FC2EC3A4A7BA}.DVD-5|Mixed Platforms.ActiveCfg = Debug|x86
		{E8B22DE1-96A9-4F7B-BE8B-FC2EC3A4A7BA}.DVD-5|Mixed Platforms.Build.0 = Debug|x86
		{E8B22DE1-96A9-4F7B-BE8B-FC2EC3A4A7BA}.DVD-5|x64.ActiveCfg = Debug|x64
		{E8B22DE1-96A9-4F7B-BE8B-FC2EC3A4A7BA}.DVD-5|x64.Build.0 = Debug|x64
		{E8B22DE1-96A9-4F7B-BE8B-FC2EC3A4A7BA}.DVD-5|x86.ActiveCfg = Debug|x86
		{E8B22DE1-96A9-4F7B-BE8B-FC2EC3A4A7BA}.DVD-5|x86.Build.0 = Debug|x86
		{E8B22DE1-96A9-4F7B-BE8B-FC2EC3A4A7BA}.Release|Any CPU.ActiveCfg = Release|Any CPU
		{E8B22DE1-96A9-4F7B-BE8B-FC2EC3A4A7BA}.Release|Any CPU.Build.0 = Release|Any CPU
		{E8B22DE1-96A9-4F7B-BE8B-FC2EC3A4A7BA}.Release|Mixed Platforms.ActiveCfg = Release|x86
		{E8B22DE1-96A9-4F7B-BE8B-FC2EC3A4A7BA}.Release|Mixed Platforms.Build.0 = Release|x86
		{E8B22DE1-96A9-4F7B-BE8B-FC2EC3A4A7BA}.Release|x64.ActiveCfg = Release|Any CPU
		{E8B22DE1-96A9-4F7B-BE8B-FC2EC3A4A7BA}.Release|x64.Build.0 = Release|Any CPU
		{E8B22DE1-96A9-4F7B-BE8B-FC2EC3A4A7BA}.Release|x86.ActiveCfg = Release|x86
		{E8B22DE1-96A9-4F7B-BE8B-FC2EC3A4A7BA}.Release|x86.Build.0 = Release|x86
		{E8B22DE1-96A9-4F7B-BE8B-FC2EC3A4A7BA}.SingleImage|Any CPU.ActiveCfg = Release|Any CPU
		{E8B22DE1-96A9-4F7B-BE8B-FC2EC3A4A7BA}.SingleImage|Any CPU.Build.0 = Release|Any CPU
		{E8B22DE1-96A9-4F7B-BE8B-FC2EC3A4A7BA}.SingleImage|Mixed Platforms.ActiveCfg = Release|x86
		{E8B22DE1-96A9-4F7B-BE8B-FC2EC3A4A7BA}.SingleImage|Mixed Platforms.Build.0 = Release|x86
		{E8B22DE1-96A9-4F7B-BE8B-FC2EC3A4A7BA}.SingleImage|x64.ActiveCfg = Release|x64
		{E8B22DE1-96A9-4F7B-BE8B-FC2EC3A4A7BA}.SingleImage|x64.Build.0 = Release|x64
		{E8B22DE1-96A9-4F7B-BE8B-FC2EC3A4A7BA}.SingleImage|x86.ActiveCfg = Release|x86
		{E8B22DE1-96A9-4F7B-BE8B-FC2EC3A4A7BA}.SingleImage|x86.Build.0 = Release|x86
		{63BF2E2B-52AE-4156-A859-96C09F73775C}.CD_ROM|Any CPU.ActiveCfg = Release|Any CPU
		{63BF2E2B-52AE-4156-A859-96C09F73775C}.CD_ROM|Any CPU.Build.0 = Release|Any CPU
		{63BF2E2B-52AE-4156-A859-96C09F73775C}.CD_ROM|Mixed Platforms.ActiveCfg = Release|x86
		{63BF2E2B-52AE-4156-A859-96C09F73775C}.CD_ROM|Mixed Platforms.Build.0 = Release|x86
		{63BF2E2B-52AE-4156-A859-96C09F73775C}.CD_ROM|x64.ActiveCfg = Release|x64
		{63BF2E2B-52AE-4156-A859-96C09F73775C}.CD_ROM|x64.Build.0 = Release|x64
		{63BF2E2B-52AE-4156-A859-96C09F73775C}.CD_ROM|x86.ActiveCfg = Release|x86
		{63BF2E2B-52AE-4156-A859-96C09F73775C}.CD_ROM|x86.Build.0 = Release|x86
		{63BF2E2B-52AE-4156-A859-96C09F73775C}.Debug|Any CPU.ActiveCfg = Debug|Any CPU
		{63BF2E2B-52AE-4156-A859-96C09F73775C}.Debug|Any CPU.Build.0 = Debug|Any CPU
		{63BF2E2B-52AE-4156-A859-96C09F73775C}.Debug|Mixed Platforms.ActiveCfg = Debug|x86
		{63BF2E2B-52AE-4156-A859-96C09F73775C}.Debug|Mixed Platforms.Build.0 = Debug|x86
		{63BF2E2B-52AE-4156-A859-96C09F73775C}.Debug|x64.ActiveCfg = Debug|Any CPU
		{63BF2E2B-52AE-4156-A859-96C09F73775C}.Debug|x64.Build.0 = Debug|Any CPU
		{63BF2E2B-52AE-4156-A859-96C09F73775C}.Debug|x86.ActiveCfg = Debug|x86
		{63BF2E2B-52AE-4156-A859-96C09F73775C}.Debug|x86.Build.0 = Debug|x86
		{63BF2E2B-52AE-4156-A859-96C09F73775C}.DVD-5|Any CPU.ActiveCfg = Debug|Any CPU
		{63BF2E2B-52AE-4156-A859-96C09F73775C}.DVD-5|Any CPU.Build.0 = Debug|Any CPU
		{63BF2E2B-52AE-4156-A859-96C09F73775C}.DVD-5|Mixed Platforms.ActiveCfg = Debug|x86
		{63BF2E2B-52AE-4156-A859-96C09F73775C}.DVD-5|Mixed Platforms.Build.0 = Debug|x86
		{63BF2E2B-52AE-4156-A859-96C09F73775C}.DVD-5|x64.ActiveCfg = Debug|x64
		{63BF2E2B-52AE-4156-A859-96C09F73775C}.DVD-5|x64.Build.0 = Debug|x64
		{63BF2E2B-52AE-4156-A859-96C09F73775C}.DVD-5|x86.ActiveCfg = Debug|x86
		{63BF2E2B-52AE-4156-A859-96C09F73775C}.DVD-5|x86.Build.0 = Debug|x86
		{63BF2E2B-52AE-4156-A859-96C09F73775C}.Release|Any CPU.ActiveCfg = Release|Any CPU
		{63BF2E2B-52AE-4156-A859-96C09F73775C}.Release|Any CPU.Build.0 = Release|Any CPU
		{63BF2E2B-52AE-4156-A859-96C09F73775C}.Release|Mixed Platforms.ActiveCfg = Release|x86
		{63BF2E2B-52AE-4156-A859-96C09F73775C}.Release|Mixed Platforms.Build.0 = Release|x86
		{63BF2E2B-52AE-4156-A859-96C09F73775C}.Release|x64.ActiveCfg = Release|Any CPU
		{63BF2E2B-52AE-4156-A859-96C09F73775C}.Release|x64.Build.0 = Release|Any CPU
		{63BF2E2B-52AE-4156-A859-96C09F73775C}.Release|x86.ActiveCfg = Release|x86
		{63BF2E2B-52AE-4156-A859-96C09F73775C}.Release|x86.Build.0 = Release|x86
		{63BF2E2B-52AE-4156-A859-96C09F73775C}.SingleImage|Any CPU.ActiveCfg = Release|Any CPU
		{63BF2E2B-52AE-4156-A859-96C09F73775C}.SingleImage|Any CPU.Build.0 = Release|Any CPU
		{63BF2E2B-52AE-4156-A859-96C09F73775C}.SingleImage|Mixed Platforms.ActiveCfg = Release|x86
		{63BF2E2B-52AE-4156-A859-96C09F73775C}.SingleImage|Mixed Platforms.Build.0 = Release|x86
		{63BF2E2B-52AE-4156-A859-96C09F73775C}.SingleImage|x64.ActiveCfg = Release|x64
		{63BF2E2B-52AE-4156-A859-96C09F73775C}.SingleImage|x64.Build.0 = Release|x64
		{63BF2E2B-52AE-4156-A859-96C09F73775C}.SingleImage|x86.ActiveCfg = Release|x86
		{63BF2E2B-52AE-4156-A859-96C09F73775C}.SingleImage|x86.Build.0 = Release|x86
		{B7E936CB-1FD4-4A32-8DA4-BB897EDC9E61}.CD_ROM|Any CPU.ActiveCfg = Release|Any CPU
		{B7E936CB-1FD4-4A32-8DA4-BB897EDC9E61}.CD_ROM|Any CPU.Build.0 = Release|Any CPU
		{B7E936CB-1FD4-4A32-8DA4-BB897EDC9E61}.CD_ROM|Mixed Platforms.ActiveCfg = Release|x86
		{B7E936CB-1FD4-4A32-8DA4-BB897EDC9E61}.CD_ROM|Mixed Platforms.Build.0 = Release|x86
		{B7E936CB-1FD4-4A32-8DA4-BB897EDC9E61}.CD_ROM|x64.ActiveCfg = Release|x64
		{B7E936CB-1FD4-4A32-8DA4-BB897EDC9E61}.CD_ROM|x64.Build.0 = Release|x64
		{B7E936CB-1FD4-4A32-8DA4-BB897EDC9E61}.CD_ROM|x86.ActiveCfg = Release|x86
		{B7E936CB-1FD4-4A32-8DA4-BB897EDC9E61}.CD_ROM|x86.Build.0 = Release|x86
		{B7E936CB-1FD4-4A32-8DA4-BB897EDC9E61}.Debug|Any CPU.ActiveCfg = Debug|Any CPU
		{B7E936CB-1FD4-4A32-8DA4-BB897EDC9E61}.Debug|Any CPU.Build.0 = Debug|Any CPU
		{B7E936CB-1FD4-4A32-8DA4-BB897EDC9E61}.Debug|Mixed Platforms.ActiveCfg = Debug|x86
		{B7E936CB-1FD4-4A32-8DA4-BB897EDC9E61}.Debug|Mixed Platforms.Build.0 = Debug|x86
		{B7E936CB-1FD4-4A32-8DA4-BB897EDC9E61}.Debug|x64.ActiveCfg = Debug|Any CPU
		{B7E936CB-1FD4-4A32-8DA4-BB897EDC9E61}.Debug|x64.Build.0 = Debug|Any CPU
		{B7E936CB-1FD4-4A32-8DA4-BB897EDC9E61}.Debug|x86.ActiveCfg = Debug|x86
		{B7E936CB-1FD4-4A32-8DA4-BB897EDC9E61}.Debug|x86.Build.0 = Debug|x86
		{B7E936CB-1FD4-4A32-8DA4-BB897EDC9E61}.DVD-5|Any CPU.ActiveCfg = Debug|Any CPU
		{B7E936CB-1FD4-4A32-8DA4-BB897EDC9E61}.DVD-5|Any CPU.Build.0 = Debug|Any CPU
		{B7E936CB-1FD4-4A32-8DA4-BB897EDC9E61}.DVD-5|Mixed Platforms.ActiveCfg = Debug|x86
		{B7E936CB-1FD4-4A32-8DA4-BB897EDC9E61}.DVD-5|Mixed Platforms.Build.0 = Debug|x86
		{B7E936CB-1FD4-4A32-8DA4-BB897EDC9E61}.DVD-5|x64.ActiveCfg = Debug|x64
		{B7E936CB-1FD4-4A32-8DA4-BB897EDC9E61}.DVD-5|x64.Build.0 = Debug|x64
		{B7E936CB-1FD4-4A32-8DA4-BB897EDC9E61}.DVD-5|x86.ActiveCfg = Debug|x86
		{B7E936CB-1FD4-4A32-8DA4-BB897EDC9E61}.DVD-5|x86.Build.0 = Debug|x86
		{B7E936CB-1FD4-4A32-8DA4-BB897EDC9E61}.Release|Any CPU.ActiveCfg = Release|x86
		{B7E936CB-1FD4-4A32-8DA4-BB897EDC9E61}.Release|Mixed Platforms.ActiveCfg = Release|x86
		{B7E936CB-1FD4-4A32-8DA4-BB897EDC9E61}.Release|Mixed Platforms.Build.0 = Release|x86
		{B7E936CB-1FD4-4A32-8DA4-BB897EDC9E61}.Release|x64.ActiveCfg = Release|Any CPU
		{B7E936CB-1FD4-4A32-8DA4-BB897EDC9E61}.Release|x64.Build.0 = Release|Any CPU
		{B7E936CB-1FD4-4A32-8DA4-BB897EDC9E61}.Release|x86.ActiveCfg = Release|x86
		{B7E936CB-1FD4-4A32-8DA4-BB897EDC9E61}.Release|x86.Build.0 = Release|x86
		{B7E936CB-1FD4-4A32-8DA4-BB897EDC9E61}.SingleImage|Any CPU.ActiveCfg = Release|Any CPU
		{B7E936CB-1FD4-4A32-8DA4-BB897EDC9E61}.SingleImage|Any CPU.Build.0 = Release|Any CPU
		{B7E936CB-1FD4-4A32-8DA4-BB897EDC9E61}.SingleImage|Mixed Platforms.ActiveCfg = Release|x86
		{B7E936CB-1FD4-4A32-8DA4-BB897EDC9E61}.SingleImage|Mixed Platforms.Build.0 = Release|x86
		{B7E936CB-1FD4-4A32-8DA4-BB897EDC9E61}.SingleImage|x64.ActiveCfg = Release|x64
		{B7E936CB-1FD4-4A32-8DA4-BB897EDC9E61}.SingleImage|x64.Build.0 = Release|x64
		{B7E936CB-1FD4-4A32-8DA4-BB897EDC9E61}.SingleImage|x86.ActiveCfg = Release|x86
		{B7E936CB-1FD4-4A32-8DA4-BB897EDC9E61}.SingleImage|x86.Build.0 = Release|x86
		{0EAD40F3-F1E3-4ABF-93DC-D2DCDE78E29E}.CD_ROM|Any CPU.ActiveCfg = Release|Any CPU
		{0EAD40F3-F1E3-4ABF-93DC-D2DCDE78E29E}.CD_ROM|Any CPU.Build.0 = Release|Any CPU
		{0EAD40F3-F1E3-4ABF-93DC-D2DCDE78E29E}.CD_ROM|Mixed Platforms.ActiveCfg = Release|x86
		{0EAD40F3-F1E3-4ABF-93DC-D2DCDE78E29E}.CD_ROM|Mixed Platforms.Build.0 = Release|x86
		{0EAD40F3-F1E3-4ABF-93DC-D2DCDE78E29E}.CD_ROM|x64.ActiveCfg = Release|x64
		{0EAD40F3-F1E3-4ABF-93DC-D2DCDE78E29E}.CD_ROM|x64.Build.0 = Release|x64
		{0EAD40F3-F1E3-4ABF-93DC-D2DCDE78E29E}.CD_ROM|x86.ActiveCfg = Release|x86
		{0EAD40F3-F1E3-4ABF-93DC-D2DCDE78E29E}.CD_ROM|x86.Build.0 = Release|x86
		{0EAD40F3-F1E3-4ABF-93DC-D2DCDE78E29E}.Debug|Any CPU.ActiveCfg = Debug|Any CPU
		{0EAD40F3-F1E3-4ABF-93DC-D2DCDE78E29E}.Debug|Any CPU.Build.0 = Debug|Any CPU
		{0EAD40F3-F1E3-4ABF-93DC-D2DCDE78E29E}.Debug|Mixed Platforms.ActiveCfg = Debug|x86
		{0EAD40F3-F1E3-4ABF-93DC-D2DCDE78E29E}.Debug|Mixed Platforms.Build.0 = Debug|x86
		{0EAD40F3-F1E3-4ABF-93DC-D2DCDE78E29E}.Debug|x64.ActiveCfg = Debug|Any CPU
		{0EAD40F3-F1E3-4ABF-93DC-D2DCDE78E29E}.Debug|x64.Build.0 = Debug|Any CPU
		{0EAD40F3-F1E3-4ABF-93DC-D2DCDE78E29E}.Debug|x86.ActiveCfg = Debug|x86
		{0EAD40F3-F1E3-4ABF-93DC-D2DCDE78E29E}.Debug|x86.Build.0 = Debug|x86
		{0EAD40F3-F1E3-4ABF-93DC-D2DCDE78E29E}.DVD-5|Any CPU.ActiveCfg = Debug|Any CPU
		{0EAD40F3-F1E3-4ABF-93DC-D2DCDE78E29E}.DVD-5|Any CPU.Build.0 = Debug|Any CPU
		{0EAD40F3-F1E3-4ABF-93DC-D2DCDE78E29E}.DVD-5|Mixed Platforms.ActiveCfg = Debug|x86
		{0EAD40F3-F1E3-4ABF-93DC-D2DCDE78E29E}.DVD-5|Mixed Platforms.Build.0 = Debug|x86
		{0EAD40F3-F1E3-4ABF-93DC-D2DCDE78E29E}.DVD-5|x64.ActiveCfg = Debug|x64
		{0EAD40F3-F1E3-4ABF-93DC-D2DCDE78E29E}.DVD-5|x64.Build.0 = Debug|x64
		{0EAD40F3-F1E3-4ABF-93DC-D2DCDE78E29E}.DVD-5|x86.ActiveCfg = Debug|x86
		{0EAD40F3-F1E3-4ABF-93DC-D2DCDE78E29E}.DVD-5|x86.Build.0 = Debug|x86
		{0EAD40F3-F1E3-4ABF-93DC-D2DCDE78E29E}.Release|Any CPU.ActiveCfg = Release|Any CPU
		{0EAD40F3-F1E3-4ABF-93DC-D2DCDE78E29E}.Release|Any CPU.Build.0 = Release|Any CPU
		{0EAD40F3-F1E3-4ABF-93DC-D2DCDE78E29E}.Release|Mixed Platforms.ActiveCfg = Release|x86
		{0EAD40F3-F1E3-4ABF-93DC-D2DCDE78E29E}.Release|Mixed Platforms.Build.0 = Release|x86
		{0EAD40F3-F1E3-4ABF-93DC-D2DCDE78E29E}.Release|x64.ActiveCfg = Release|Any CPU
		{0EAD40F3-F1E3-4ABF-93DC-D2DCDE78E29E}.Release|x64.Build.0 = Release|Any CPU
		{0EAD40F3-F1E3-4ABF-93DC-D2DCDE78E29E}.Release|x86.ActiveCfg = Release|x86
		{0EAD40F3-F1E3-4ABF-93DC-D2DCDE78E29E}.Release|x86.Build.0 = Release|x86
		{0EAD40F3-F1E3-4ABF-93DC-D2DCDE78E29E}.SingleImage|Any CPU.ActiveCfg = Release|Any CPU
		{0EAD40F3-F1E3-4ABF-93DC-D2DCDE78E29E}.SingleImage|Any CPU.Build.0 = Release|Any CPU
		{0EAD40F3-F1E3-4ABF-93DC-D2DCDE78E29E}.SingleImage|Mixed Platforms.ActiveCfg = Release|x86
		{0EAD40F3-F1E3-4ABF-93DC-D2DCDE78E29E}.SingleImage|Mixed Platforms.Build.0 = Release|x86
		{0EAD40F3-F1E3-4ABF-93DC-D2DCDE78E29E}.SingleImage|x64.ActiveCfg = Release|x64
		{0EAD40F3-F1E3-4ABF-93DC-D2DCDE78E29E}.SingleImage|x64.Build.0 = Release|x64
		{0EAD40F3-F1E3-4ABF-93DC-D2DCDE78E29E}.SingleImage|x86.ActiveCfg = Release|x86
		{0EAD40F3-F1E3-4ABF-93DC-D2DCDE78E29E}.SingleImage|x86.Build.0 = Release|x86
		{6CE470F9-CCC0-44A6-9700-A2A3C7A35A00}.CD_ROM|Any CPU.ActiveCfg = Release|Any CPU
		{6CE470F9-CCC0-44A6-9700-A2A3C7A35A00}.CD_ROM|Any CPU.Build.0 = Release|Any CPU
		{6CE470F9-CCC0-44A6-9700-A2A3C7A35A00}.CD_ROM|Mixed Platforms.ActiveCfg = Release|x86
		{6CE470F9-CCC0-44A6-9700-A2A3C7A35A00}.CD_ROM|Mixed Platforms.Build.0 = Release|x86
		{6CE470F9-CCC0-44A6-9700-A2A3C7A35A00}.CD_ROM|x64.ActiveCfg = Release|x64
		{6CE470F9-CCC0-44A6-9700-A2A3C7A35A00}.CD_ROM|x64.Build.0 = Release|x64
		{6CE470F9-CCC0-44A6-9700-A2A3C7A35A00}.CD_ROM|x86.ActiveCfg = Release|x86
		{6CE470F9-CCC0-44A6-9700-A2A3C7A35A00}.CD_ROM|x86.Build.0 = Release|x86
		{6CE470F9-CCC0-44A6-9700-A2A3C7A35A00}.Debug|Any CPU.ActiveCfg = Debug|Any CPU
		{6CE470F9-CCC0-44A6-9700-A2A3C7A35A00}.Debug|Any CPU.Build.0 = Debug|Any CPU
		{6CE470F9-CCC0-44A6-9700-A2A3C7A35A00}.Debug|Mixed Platforms.ActiveCfg = Debug|x86
		{6CE470F9-CCC0-44A6-9700-A2A3C7A35A00}.Debug|Mixed Platforms.Build.0 = Debug|x86
		{6CE470F9-CCC0-44A6-9700-A2A3C7A35A00}.Debug|x64.ActiveCfg = Debug|Any CPU
		{6CE470F9-CCC0-44A6-9700-A2A3C7A35A00}.Debug|x64.Build.0 = Debug|Any CPU
		{6CE470F9-CCC0-44A6-9700-A2A3C7A35A00}.Debug|x86.ActiveCfg = Debug|x86
		{6CE470F9-CCC0-44A6-9700-A2A3C7A35A00}.Debug|x86.Build.0 = Debug|x86
		{6CE470F9-CCC0-44A6-9700-A2A3C7A35A00}.DVD-5|Any CPU.ActiveCfg = Debug|Any CPU
		{6CE470F9-CCC0-44A6-9700-A2A3C7A35A00}.DVD-5|Any CPU.Build.0 = Debug|Any CPU
		{6CE470F9-CCC0-44A6-9700-A2A3C7A35A00}.DVD-5|Mixed Platforms.ActiveCfg = Debug|x86
		{6CE470F9-CCC0-44A6-9700-A2A3C7A35A00}.DVD-5|Mixed Platforms.Build.0 = Debug|x86
		{6CE470F9-CCC0-44A6-9700-A2A3C7A35A00}.DVD-5|x64.ActiveCfg = Debug|x64
		{6CE470F9-CCC0-44A6-9700-A2A3C7A35A00}.DVD-5|x64.Build.0 = Debug|x64
		{6CE470F9-CCC0-44A6-9700-A2A3C7A35A00}.DVD-5|x86.ActiveCfg = Debug|x86
		{6CE470F9-CCC0-44A6-9700-A2A3C7A35A00}.DVD-5|x86.Build.0 = Debug|x86
		{6CE470F9-CCC0-44A6-9700-A2A3C7A35A00}.Release|Any CPU.ActiveCfg = Release|x86
		{6CE470F9-CCC0-44A6-9700-A2A3C7A35A00}.Release|Mixed Platforms.ActiveCfg = Release|x86
		{6CE470F9-CCC0-44A6-9700-A2A3C7A35A00}.Release|Mixed Platforms.Build.0 = Release|x86
		{6CE470F9-CCC0-44A6-9700-A2A3C7A35A00}.Release|x64.ActiveCfg = Release|Any CPU
		{6CE470F9-CCC0-44A6-9700-A2A3C7A35A00}.Release|x64.Build.0 = Release|Any CPU
		{6CE470F9-CCC0-44A6-9700-A2A3C7A35A00}.Release|x86.ActiveCfg = Release|x86
		{6CE470F9-CCC0-44A6-9700-A2A3C7A35A00}.Release|x86.Build.0 = Release|x86
		{6CE470F9-CCC0-44A6-9700-A2A3C7A35A00}.SingleImage|Any CPU.ActiveCfg = Release|Any CPU
		{6CE470F9-CCC0-44A6-9700-A2A3C7A35A00}.SingleImage|Any CPU.Build.0 = Release|Any CPU
		{6CE470F9-CCC0-44A6-9700-A2A3C7A35A00}.SingleImage|Mixed Platforms.ActiveCfg = Release|x86
		{6CE470F9-CCC0-44A6-9700-A2A3C7A35A00}.SingleImage|Mixed Platforms.Build.0 = Release|x86
		{6CE470F9-CCC0-44A6-9700-A2A3C7A35A00}.SingleImage|x64.ActiveCfg = Release|x64
		{6CE470F9-CCC0-44A6-9700-A2A3C7A35A00}.SingleImage|x64.Build.0 = Release|x64
		{6CE470F9-CCC0-44A6-9700-A2A3C7A35A00}.SingleImage|x86.ActiveCfg = Release|x86
		{6CE470F9-CCC0-44A6-9700-A2A3C7A35A00}.SingleImage|x86.Build.0 = Release|x86
	EndGlobalSection
	GlobalSection(SolutionProperties) = preSolution
		HideSolutionNode = FALSE
	EndGlobalSection
EndGlobal
