Microsoft Visual Studio Solution File, Format Version 12.00
# Visual Studio 15
VisualStudioVersion = 15.0.28307.1000
MinimumVisualStudioVersion = 10.0.40219.1
Project("{2150E333-8FDC-42A3-9474-1A3956D46DE8}") = "Solution Items", "Solution Items", "{053CED0C-F602-43FA-A069-DF880974213B}"
	ProjectSection(SolutionItems) = preProject
		IntegrationTests.testsettings = IntegrationTests.testsettings
		UnitTests.testsettings = UnitTests.testsettings
	EndProjectSection
EndProject
Project("{FAE04EC0-301F-11D3-BF4B-00C04F79EFBC}") = "MoPlus.SolutionBuilder.WpfClient", "MoPlus.SolutionBuilder.WpfClient\MoPlus.SolutionBuilder.WpfClient.csproj", "{571978FA-999A-41C7-B590-27EBEDD70F99}"
EndProject
Project("{FAE04EC0-301F-11D3-BF4B-00C04F79EFBC}") = "MoPlus.ViewModel", "MoPlus.ViewModel\MoPlus.ViewModel.csproj", "{1A6C3352-9781-4722-B6C8-DEC5DB0FAF53}"
EndProject
Project("{FAE04EC0-301F-11D3-BF4B-00C04F79EFBC}") = "MoPlus.Interpreter", "MoPlus.Interpreter\MoPlus.Interpreter.csproj", "{E936645D-A430-499E-89CA-9D034D75B775}"
EndProject
Project("{FAE04EC0-301F-11D3-BF4B-00C04F79EFBC}") = "MoPlus.Common", "Library\MoPlus.Common\MoPlus.Common.csproj", "{CD7B9562-7F6B-4C45-97F9-FDE6AE8628B0}"
EndProject
Project("{FAE04EC0-301F-11D3-BF4B-00C04F79EFBC}") = "MoPlus.IO", "Library\MoPlus.IO\MoPlus.IO.csproj", "{EC8B0D66-9DA3-4014-9FB6-821A9D9FB0BA}"
EndProject
Project("{FAE04EC0-301F-11D3-BF4B-00C04F79EFBC}") = "MoPlus.Data", "Library\MoPlus.Data\MoPlus.Data.csproj", "{E8B22DE1-96A9-4F7B-BE8B-FC2EC3A4A7BA}"
EndProject
Project("{FAE04EC0-301F-11D3-BF4B-00C04F79EFBC}") = "MoPlus.Net", "Library\MoPlus.Net\MoPlus.Net.csproj", "{63BF2E2B-52AE-4156-A859-96C09F73775C}"
EndProject
Project("{FAE04EC0-301F-11D3-BF4B-00C04F79EFBC}") = "MoPlus.SolutionUpdater.CommandUI", "MoPlus.SolutionUpdater.CommandUI\MoPlus.SolutionUpdater.CommandUI.csproj", "{B7E936CB-1FD4-4A32-8DA4-BB897EDC9E61}"
EndProject
Project("{FAE04EC0-301F-11D3-BF4B-00C04F79EFBC}") = "MoPlus.SolutionBuilder.VSPackage", "MoPlus.SolutionBuilder.VSPackage\MoPlus.SolutionBuilder.VSPackage.csproj", "{0EAD40F3-F1E3-4ABF-93DC-D2DCDE78E29E}"
EndProject
Project("{FAE04EC0-301F-11D3-BF4B-00C04F79EFBC}") = "MoPlus.SolutionBuilder.WpfUI", "MoPlus.SolutionBuilder.WpfUI\MoPlus.SolutionBuilder.WpfUI.csproj", "{6CE470F9-CCC0-44A6-9700-A2A3C7A35A00}"
EndProject
Project("{FAE04EC0-301F-11D3-BF4B-00C04F79EFBC}") = "MoPlusInstall", "MoPlusInstall\MoPlusInstall.csproj", "{4E1C564D-D443-434C-A0D0-3CA56BFAEC13}"
EndProject
Global
	GlobalSection(SolutionConfigurationPlatforms) = preSolution
		Debug|Any CPU = Debug|Any CPU
		Debug|Mixed Platforms = Debug|Mixed Platforms
		Debug|x64 = Debug|x64
		Debug|x86 = Debug|x86
		Release|Any CPU = Release|Any CPU
		Release|Mixed Platforms = Release|Mixed Platforms
		Release|x64 = Release|x64
		Release|x86 = Release|x86
	EndGlobalSection
	GlobalSection(ProjectConfigurationPlatforms) = postSolution
		{571978FA-999A-41C7-B590-27EBEDD70F99}.Debug|Any CPU.ActiveCfg = Debug|Any CPU
		{571978FA-999A-41C7-B590-27EBEDD70F99}.Debug|Any CPU.Build.0 = Debug|Any CPU
		{571978FA-999A-41C7-B590-27EBEDD70F99}.Debug|Mixed Platforms.ActiveCfg = Debug|x86
		{571978FA-999A-41C7-B590-27EBEDD70F99}.Debug|Mixed Platforms.Build.0 = Debug|x86
		{571978FA-999A-41C7-B590-27EBEDD70F99}.Debug|x64.ActiveCfg = Debug|Any CPU
		{571978FA-999A-41C7-B590-27EBEDD70F99}.Debug|x64.Build.0 = Debug|Any CPU
		{571978FA-999A-41C7-B590-27EBEDD70F99}.Debug|x86.ActiveCfg = Debug|x86
		{571978FA-999A-41C7-B590-27EBEDD70F99}.Debug|x86.Build.0 = Debug|x86
		{571978FA-999A-41C7-B590-27EBEDD70F99}.Release|Any CPU.ActiveCfg = Release|Any CPU
		{571978FA-999A-41C7-B590-27EBEDD70F99}.Release|Any CPU.Build.0 = Release|Any CPU
		{571978FA-999A-41C7-B590-27EBEDD70F99}.Release|Mixed Platforms.ActiveCfg = Release|x86
		{571978FA-999A-41C7-B590-27EBEDD70F99}.Release|Mixed Platforms.Build.0 = Release|x86
		{571978FA-999A-41C7-B590-27EBEDD70F99}.Release|x64.ActiveCfg = Release|Any CPU
		{571978FA-999A-41C7-B590-27EBEDD70F99}.Release|x86.ActiveCfg = Release|x86
		{571978FA-999A-41C7-B590-27EBEDD70F99}.Release|x86.Build.0 = Release|x86
		{1A6C3352-9781-4722-B6C8-DEC5DB0FAF53}.Debug|Any CPU.ActiveCfg = Debug|Any CPU
		{1A6C3352-9781-4722-B6C8-DEC5DB0FAF53}.Debug|Any CPU.Build.0 = Debug|Any CPU
		{1A6C3352-9781-4722-B6C8-DEC5DB0FAF53}.Debug|Mixed Platforms.ActiveCfg = Debug|x86
		{1A6C3352-9781-4722-B6C8-DEC5DB0FAF53}.Debug|Mixed Platforms.Build.0 = Debug|x86
		{1A6C3352-9781-4722-B6C8-DEC5DB0FAF53}.Debug|x64.ActiveCfg = Debug|x86
		{1A6C3352-9781-4722-B6C8-DEC5DB0FAF53}.Debug|x64.Build.0 = Debug|x86
		{1A6C3352-9781-4722-B6C8-DEC5DB0FAF53}.Debug|x86.ActiveCfg = Debug|x86
		{1A6C3352-9781-4722-B6C8-DEC5DB0FAF53}.Debug|x86.Build.0 = Debug|x86
		{1A6C3352-9781-4722-B6C8-DEC5DB0FAF53}.Release|Any CPU.ActiveCfg = Release|Any CPU
		{1A6C3352-9781-4722-B6C8-DEC5DB0FAF53}.Release|Any CPU.Build.0 = Release|Any CPU
		{1A6C3352-9781-4722-B6C8-DEC5DB0FAF53}.Release|Mixed Platforms.ActiveCfg = Release|x86
		{1A6C3352-9781-4722-B6C8-DEC5DB0FAF53}.Release|Mixed Platforms.Build.0 = Release|x86
		{1A6C3352-9781-4722-B6C8-DEC5DB0FAF53}.Release|x64.ActiveCfg = Release|Any CPU
		{1A6C3352-9781-4722-B6C8-DEC5DB0FAF53}.Release|x64.Build.0 = Release|Any CPU
		{1A6C3352-9781-4722-B6C8-DEC5DB0FAF53}.Release|x86.ActiveCfg = Release|x86
		{1A6C3352-9781-4722-B6C8-DEC5DB0FAF53}.Release|x86.Build.0 = Release|x86
		{E936645D-A430-499E-89CA-9D034D75B775}.Debug|Any CPU.ActiveCfg = Debug|Any CPU
		{E936645D-A430-499E-89CA-9D034D75B775}.Debug|Any CPU.Build.0 = Debug|Any CPU
		{E936645D-A430-499E-89CA-9D034D75B775}.Debug|Mixed Platforms.ActiveCfg = Debug|x86
		{E936645D-A430-499E-89CA-9D034D75B775}.Debug|Mixed Platforms.Build.0 = Debug|x86
		{E936645D-A430-499E-89CA-9D034D75B775}.Debug|x64.ActiveCfg = Debug|x86
		{E936645D-A430-499E-89CA-9D034D75B775}.Debug|x64.Build.0 = Debug|x86
		{E936645D-A430-499E-89CA-9D034D75B775}.Debug|x86.ActiveCfg = Debug|x86
		{E936645D-A430-499E-89CA-9D034D75B775}.Debug|x86.Build.0 = Debug|x86
		{E936645D-A430-499E-89CA-9D034D75B775}.Release|Any CPU.ActiveCfg = Release|Any CPU
		{E936645D-A430-499E-89CA-9D034D75B775}.Release|Any CPU.Build.0 = Release|Any CPU
		{E936645D-A430-499E-89CA-9D034D75B775}.Release|Mixed Platforms.ActiveCfg = Release|x86
		{E936645D-A430-499E-89CA-9D034D75B775}.Release|Mixed Platforms.Build.0 = Release|x86
		{E936645D-A430-499E-89CA-9D034D75B775}.Release|x64.ActiveCfg = Release|Any CPU
		{E936645D-A430-499E-89CA-9D034D75B775}.Release|x64.Build.0 = Release|Any CPU
		{E936645D-A430-499E-89CA-9D034D75B775}.Release|x86.ActiveCfg = Release|x86
		{E936645D-A430-499E-89CA-9D034D75B775}.Release|x86.Build.0 = Release|x86
		{CD7B9562-7F6B-4C45-97F9-FDE6AE8628B0}.Debug|Any CPU.ActiveCfg = Debug|x64
		{CD7B9562-7F6B-4C45-97F9-FDE6AE8628B0}.Debug|Any CPU.Build.0 = Debug|x64
		{CD7B9562-7F6B-4C45-97F9-FDE6AE8628B0}.Debug|Mixed Platforms.ActiveCfg = Debug|x86
		{CD7B9562-7F6B-4C45-97F9-FDE6AE8628B0}.Debug|Mixed Platforms.Build.0 = Debug|x86
		{CD7B9562-7F6B-4C45-97F9-FDE6AE8628B0}.Debug|x64.ActiveCfg = Debug|x86
		{CD7B9562-7F6B-4C45-97F9-FDE6AE8628B0}.Debug|x64.Build.0 = Debug|x86
		{CD7B9562-7F6B-4C45-97F9-FDE6AE8628B0}.Debug|x86.ActiveCfg = Debug|x86
		{CD7B9562-7F6B-4C45-97F9-FDE6AE8628B0}.Debug|x86.Build.0 = Debug|x86
		{CD7B9562-7F6B-4C45-97F9-FDE6AE8628B0}.Release|Any CPU.ActiveCfg = Release|Any CPU
		{CD7B9562-7F6B-4C45-97F9-FDE6AE8628B0}.Release|Any CPU.Build.0 = Release|Any CPU
		{CD7B9562-7F6B-4C45-97F9-FDE6AE8628B0}.Release|Mixed Platforms.ActiveCfg = Release|x86
		{CD7B9562-7F6B-4C45-97F9-FDE6AE8628B0}.Release|Mixed Platforms.Build.0 = Release|x86
		{CD7B9562-7F6B-4C45-97F9-FDE6AE8628B0}.Release|x64.ActiveCfg = Release|Any CPU
		{CD7B9562-7F6B-4C45-97F9-FDE6AE8628B0}.Release|x64.Build.0 = Release|Any CPU
		{CD7B9562-7F6B-4C45-97F9-FDE6AE8628B0}.Release|x86.ActiveCfg = Release|x86
		{CD7B9562-7F6B-4C45-97F9-FDE6AE8628B0}.Release|x86.Build.0 = Release|x86
		{EC8B0D66-9DA3-4014-9FB6-821A9D9FB0BA}.Debug|Any CPU.ActiveCfg = Debug|Any CPU
		{EC8B0D66-9DA3-4014-9FB6-821A9D9FB0BA}.Debug|Any CPU.Build.0 = Debug|Any CPU
		{EC8B0D66-9DA3-4014-9FB6-821A9D9FB0BA}.Debug|Mixed Platforms.ActiveCfg = Debug|x86
		{EC8B0D66-9DA3-4014-9FB6-821A9D9FB0BA}.Debug|Mixed Platforms.Build.0 = Debug|x86
		{EC8B0D66-9DA3-4014-9FB6-821A9D9FB0BA}.Debug|x64.ActiveCfg = Debug|x86
		{EC8B0D66-9DA3-4014-9FB6-821A9D9FB0BA}.Debug|x64.Build.0 = Debug|x86
		{EC8B0D66-9DA3-4014-9FB6-821A9D9FB0BA}.Debug|x86.ActiveCfg = Debug|x86
		{EC8B0D66-9DA3-4014-9FB6-821A9D9FB0BA}.Debug|x86.Build.0 = Debug|x86
		{EC8B0D66-9DA3-4014-9FB6-821A9D9FB0BA}.Release|Any CPU.ActiveCfg = Release|Any CPU
		{EC8B0D66-9DA3-4014-9FB6-821A9D9FB0BA}.Release|Any CPU.Build.0 = Release|Any CPU
		{EC8B0D66-9DA3-4014-9FB6-821A9D9FB0BA}.Release|Mixed Platforms.ActiveCfg = Release|x86
		{EC8B0D66-9DA3-4014-9FB6-821A9D9FB0BA}.Release|Mixed Platforms.Build.0 = Release|x86
		{EC8B0D66-9DA3-4014-9FB6-821A9D9FB0BA}.Release|x64.ActiveCfg = Release|Any CPU
		{EC8B0D66-9DA3-4014-9FB6-821A9D9FB0BA}.Release|x64.Build.0 = Release|Any CPU
		{EC8B0D66-9DA3-4014-9FB6-821A9D9FB0BA}.Release|x86.ActiveCfg = Release|x86
		{EC8B0D66-9DA3-4014-9FB6-821A9D9FB0BA}.Release|x86.Build.0 = Release|x86
		{E8B22DE1-96A9-4F7B-BE8B-FC2EC3A4A7BA}.Debug|Any CPU.ActiveCfg = Debug|Any CPU
		{E8B22DE1-96A9-4F7B-BE8B-FC2EC3A4A7BA}.Debug|Any CPU.Build.0 = Debug|Any CPU
		{E8B22DE1-96A9-4F7B-BE8B-FC2EC3A4A7BA}.Debug|Mixed Platforms.ActiveCfg = Debug|x86
		{E8B22DE1-96A9-4F7B-BE8B-FC2EC3A4A7BA}.Debug|Mixed Platforms.Build.0 = Debug|x86
		{E8B22DE1-96A9-4F7B-BE8B-FC2EC3A4A7BA}.Debug|x64.ActiveCfg = Debug|x86
		{E8B22DE1-96A9-4F7B-BE8B-FC2EC3A4A7BA}.Debug|x64.Build.0 = Debug|x86
		{E8B22DE1-96A9-4F7B-BE8B-FC2EC3A4A7BA}.Debug|x86.ActiveCfg = Debug|x86
		{E8B22DE1-96A9-4F7B-BE8B-FC2EC3A4A7BA}.Debug|x86.Build.0 = Debug|x86
		{E8B22DE1-96A9-4F7B-BE8B-FC2EC3A4A7BA}.Release|Any CPU.ActiveCfg = Release|Any CPU
		{E8B22DE1-96A9-4F7B-BE8B-FC2EC3A4A7BA}.Release|Any CPU.Build.0 = Release|Any CPU
		{E8B22DE1-96A9-4F7B-BE8B-FC2EC3A4A7BA}.Release|Mixed Platforms.ActiveCfg = Release|x86
		{E8B22DE1-96A9-4F7B-BE8B-FC2EC3A4A7BA}.Release|Mixed Platforms.Build.0 = Release|x86
		{E8B22DE1-96A9-4F7B-BE8B-FC2EC3A4A7BA}.Release|x64.ActiveCfg = Release|Any CPU
		{E8B22DE1-96A9-4F7B-BE8B-FC2EC3A4A7BA}.Release|x64.Build.0 = Release|Any CPU
		{E8B22DE1-96A9-4F7B-BE8B-FC2EC3A4A7BA}.Release|x86.ActiveCfg = Release|x86
		{E8B22DE1-96A9-4F7B-BE8B-FC2EC3A4A7BA}.Release|x86.Build.0 = Release|x86
		{63BF2E2B-52AE-4156-A859-96C09F73775C}.Debug|Any CPU.ActiveCfg = Debug|Any CPU
		{63BF2E2B-52AE-4156-A859-96C09F73775C}.Debug|Any CPU.Build.0 = Debug|Any CPU
		{63BF2E2B-52AE-4156-A859-96C09F73775C}.Debug|Mixed Platforms.ActiveCfg = Debug|x86
		{63BF2E2B-52AE-4156-A859-96C09F73775C}.Debug|Mixed Platforms.Build.0 = Debug|x86
		{63BF2E2B-52AE-4156-A859-96C09F73775C}.Debug|x64.ActiveCfg = Debug|Any CPU
		{63BF2E2B-52AE-4156-A859-96C09F73775C}.Debug|x64.Build.0 = Debug|Any CPU
		{63BF2E2B-52AE-4156-A859-96C09F73775C}.Debug|x86.ActiveCfg = Debug|x86
		{63BF2E2B-52AE-4156-A859-96C09F73775C}.Debug|x86.Build.0 = Debug|x86
		{63BF2E2B-52AE-4156-A859-96C09F73775C}.Release|Any CPU.ActiveCfg = Release|Any CPU
		{63BF2E2B-52AE-4156-A859-96C09F73775C}.Release|Any CPU.Build.0 = Release|Any CPU
		{63BF2E2B-52AE-4156-A859-96C09F73775C}.Release|Mixed Platforms.ActiveCfg = Release|x86
		{63BF2E2B-52AE-4156-A859-96C09F73775C}.Release|Mixed Platforms.Build.0 = Release|x86
		{63BF2E2B-52AE-4156-A859-96C09F73775C}.Release|x64.ActiveCfg = Release|Any CPU
		{63BF2E2B-52AE-4156-A859-96C09F73775C}.Release|x64.Build.0 = Release|Any CPU
		{63BF2E2B-52AE-4156-A859-96C09F73775C}.Release|x86.ActiveCfg = Release|x86
		{63BF2E2B-52AE-4156-A859-96C09F73775C}.Release|x86.Build.0 = Release|x86
		{B7E936CB-1FD4-4A32-8DA4-BB897EDC9E61}.Debug|Any CPU.ActiveCfg = Debug|Any CPU
		{B7E936CB-1FD4-4A32-8DA4-BB897EDC9E61}.Debug|Any CPU.Build.0 = Debug|Any CPU
		{B7E936CB-1FD4-4A32-8DA4-BB897EDC9E61}.Debug|Mixed Platforms.ActiveCfg = Debug|x86
		{B7E936CB-1FD4-4A32-8DA4-BB897EDC9E61}.Debug|Mixed Platforms.Build.0 = Debug|x86
		{B7E936CB-1FD4-4A32-8DA4-BB897EDC9E61}.Debug|x64.ActiveCfg = Debug|Any CPU
		{B7E936CB-1FD4-4A32-8DA4-BB897EDC9E61}.Debug|x64.Build.0 = Debug|Any CPU
		{B7E936CB-1FD4-4A32-8DA4-BB897EDC9E61}.Debug|x86.ActiveCfg = Debug|x86
		{B7E936CB-1FD4-4A32-8DA4-BB897EDC9E61}.Debug|x86.Build.0 = Debug|x86
		{B7E936CB-1FD4-4A32-8DA4-BB897EDC9E61}.Release|Any CPU.ActiveCfg = Release|x86
		{B7E936CB-1FD4-4A32-8DA4-BB897EDC9E61}.Release|Mixed Platforms.ActiveCfg = Release|x86
		{B7E936CB-1FD4-4A32-8DA4-BB897EDC9E61}.Release|Mixed Platforms.Build.0 = Release|x86
		{B7E936CB-1FD4-4A32-8DA4-BB897EDC9E61}.Release|x64.ActiveCfg = Release|Any CPU
		{B7E936CB-1FD4-4A32-8DA4-BB897EDC9E61}.Release|x64.Build.0 = Release|Any CPU
		{B7E936CB-1FD4-4A32-8DA4-BB897EDC9E61}.Release|x86.ActiveCfg = Release|x86
		{B7E936CB-1FD4-4A32-8DA4-BB897EDC9E61}.Release|x86.Build.0 = Release|x86
		{0EAD40F3-F1E3-4ABF-93DC-D2DCDE78E29E}.Debug|Any CPU.ActiveCfg = Debug|Any CPU
		{0EAD40F3-F1E3-4ABF-93DC-D2DCDE78E29E}.Debug|Any CPU.Build.0 = Debug|Any CPU
		{0EAD40F3-F1E3-4ABF-93DC-D2DCDE78E29E}.Debug|Mixed Platforms.ActiveCfg = Debug|x86
		{0EAD40F3-F1E3-4ABF-93DC-D2DCDE78E29E}.Debug|Mixed Platforms.Build.0 = Debug|x86
		{0EAD40F3-F1E3-4ABF-93DC-D2DCDE78E29E}.Debug|x64.ActiveCfg = Debug|Any CPU
		{0EAD40F3-F1E3-4ABF-93DC-D2DCDE78E29E}.Debug|x64.Build.0 = Debug|Any CPU
		{0EAD40F3-F1E3-4ABF-93DC-D2DCDE78E29E}.Debug|x86.ActiveCfg = Debug|x86
		{0EAD40F3-F1E3-4ABF-93DC-D2DCDE78E29E}.Debug|x86.Build.0 = Debug|x86
		{0EAD40F3-F1E3-4ABF-93DC-D2DCDE78E29E}.Release|Any CPU.ActiveCfg = Release|Any CPU
		{0EAD40F3-F1E3-4ABF-93DC-D2DCDE78E29E}.Release|Any CPU.Build.0 = Release|Any CPU
		{0EAD40F3-F1E3-4ABF-93DC-D2DCDE78E29E}.Release|Mixed Platforms.ActiveCfg = Release|x86
		{0EAD40F3-F1E3-4ABF-93DC-D2DCDE78E29E}.Release|Mixed Platforms.Build.0 = Release|x86
		{0EAD40F3-F1E3-4ABF-93DC-D2DCDE78E29E}.Release|x64.ActiveCfg = Release|Any CPU
		{0EAD40F3-F1E3-4ABF-93DC-D2DCDE78E29E}.Release|x64.Build.0 = Release|Any CPU
		{0EAD40F3-F1E3-4ABF-93DC-D2DCDE78E29E}.Release|x86.ActiveCfg = Release|x86
		{0EAD40F3-F1E3-4ABF-93DC-D2DCDE78E29E}.Release|x86.Build.0 = Release|x86
		{6CE470F9-CCC0-44A6-9700-A2A3C7A35A00}.Debug|Any CPU.ActiveCfg = Debug|Any CPU
		{6CE470F9-CCC0-44A6-9700-A2A3C7A35A00}.Debug|Any CPU.Build.0 = Debug|Any CPU
		{6CE470F9-CCC0-44A6-9700-A2A3C7A35A00}.Debug|Mixed Platforms.ActiveCfg = Debug|x86
		{6CE470F9-CCC0-44A6-9700-A2A3C7A35A00}.Debug|Mixed Platforms.Build.0 = Debug|x86
		{6CE470F9-CCC0-44A6-9700-A2A3C7A35A00}.Debug|x64.ActiveCfg = Debug|Any CPU
		{6CE470F9-CCC0-44A6-9700-A2A3C7A35A00}.Debug|x64.Build.0 = Debug|Any CPU
		{6CE470F9-CCC0-44A6-9700-A2A3C7A35A00}.Debug|x86.ActiveCfg = Debug|x86
		{6CE470F9-CCC0-44A6-9700-A2A3C7A35A00}.Debug|x86.Build.0 = Debug|x86
		{6CE470F9-CCC0-44A6-9700-A2A3C7A35A00}.Release|Any CPU.ActiveCfg = Release|x86
		{6CE470F9-CCC0-44A6-9700-A2A3C7A35A00}.Release|Mixed Platforms.ActiveCfg = Release|x86
		{6CE470F9-CCC0-44A6-9700-A2A3C7A35A00}.Release|Mixed Platforms.Build.0 = Release|x86
		{6CE470F9-CCC0-44A6-9700-A2A3C7A35A00}.Release|x64.ActiveCfg = Release|Any CPU
		{6CE470F9-CCC0-44A6-9700-A2A3C7A35A00}.Release|x64.Build.0 = Release|Any CPU
		{6CE470F9-CCC0-44A6-9700-A2A3C7A35A00}.Release|x86.ActiveCfg = Release|x86
		{6CE470F9-CCC0-44A6-9700-A2A3C7A35A00}.Release|x86.Build.0 = Release|x86
		{4E1C564D-D443-434C-A0D0-3CA56BFAEC13}.Debug|Any CPU.ActiveCfg = Debug|Any CPU
		{4E1C564D-D443-434C-A0D0-3CA56BFAEC13}.Debug|Any CPU.Build.0 = Debug|Any CPU
		{4E1C564D-D443-434C-A0D0-3CA56BFAEC13}.Debug|Mixed Platforms.ActiveCfg = Debug|Any CPU
		{4E1C564D-D443-434C-A0D0-3CA56BFAEC13}.Debug|Mixed Platforms.Build.0 = Debug|Any CPU
		{4E1C564D-D443-434C-A0D0-3CA56BFAEC13}.Debug|x64.ActiveCfg = Debug|Any CPU
		{4E1C564D-D443-434C-A0D0-3CA56BFAEC13}.Debug|x86.ActiveCfg = Debug|Any CPU
		{4E1C564D-D443-434C-A0D0-3CA56BFAEC13}.Release|Any CPU.ActiveCfg = Release|Any CPU
		{4E1C564D-D443-434C-A0D0-3CA56BFAEC13}.Release|Any CPU.Build.0 = Release|Any CPU
		{4E1C564D-D443-434C-A0D0-3CA56BFAEC13}.Release|Mixed Platforms.ActiveCfg = Release|x86
		{4E1C564D-D443-434C-A0D0-3CA56BFAEC13}.Release|Mixed Platforms.Build.0 = Release|x86
		{4E1C564D-D443-434C-A0D0-3CA56BFAEC13}.Release|x64.ActiveCfg = Release|Any CPU
		{4E1C564D-D443-434C-A0D0-3CA56BFAEC13}.Release|x86.ActiveCfg = Release|x86
	EndGlobalSection
	GlobalSection(SolutionProperties) = preSolution
		HideSolutionNode = FALSE
	EndGlobalSection
	GlobalSection(ExtensibilityGlobals) = postSolution
		SolutionGuid = {CAE9B126-B984-4411-87B9-8A485EE4E0F1}
	EndGlobalSection
EndGlobal
